
Microsoft Visual Studio Solution File, Format Version 12.00
# Visual Studio Version 16
VisualStudioVersion = 16.0.31605.320
MinimumVisualStudioVersion = 10.0.40219.1
Project("{FAE04EC0-301F-11D3-BF4B-00C04F79EFBC}") = "Xamarin101JM.Android", "Xamarin101JM\Xamarin101JM.Android\Xamarin101JM.Android.csproj", "{C53EFB9A-42F5-47F1-AC06-9FA66B76CAA8}"
EndProject
Project("{FAE04EC0-301F-11D3-BF4B-00C04F79EFBC}") = "Xamarin101JM", "Xamarin101JM\Xamarin101JM\Xamarin101JM.csproj", "{700AA272-B840-4E3A-A618-1A0DE0AA4680}"
EndProject
Global
	GlobalSection(SolutionConfigurationPlatforms) = preSolution
		Debug|Any CPU = Debug|Any CPU
		Release|Any CPU = Release|Any CPU
	EndGlobalSection
	GlobalSection(ProjectConfigurationPlatforms) = postSolution
		{C53EFB9A-42F5-47F1-AC06-9FA66B76CAA8}.Debug|Any CPU.ActiveCfg = Debug|Any CPU
		{C53EFB9A-42F5-47F1-AC06-9FA66B76CAA8}.Debug|Any CPU.Build.0 = Debug|Any CPU
		{C53EFB9A-42F5-47F1-AC06-9FA66B76CAA8}.Debug|Any CPU.Deploy.0 = Debug|Any CPU
		{C53EFB9A-42F5-47F1-AC06-9FA66B76CAA8}.Release|Any CPU.ActiveCfg = Release|Any CPU
		{C53EFB9A-42F5-47F1-AC06-9FA66B76CAA8}.Release|Any CPU.Build.0 = Release|Any CPU
		{C53EFB9A-42F5-47F1-AC06-9FA66B76CAA8}.Release|Any CPU.Deploy.0 = Release|Any CPU
		{700AA272-B840-4E3A-A618-1A0DE0AA4680}.Debug|Any CPU.ActiveCfg = Debug|Any CPU
		{700AA272-B840-4E3A-A618-1A0DE0AA4680}.Debug|Any CPU.Build.0 = Debug|Any CPU
		{700AA272-B840-4E3A-A618-1A0DE0AA4680}.Debug|Any CPU.Deploy.0 = Debug|Any CPU
		{700AA272-B840-4E3A-A618-1A0DE0AA4680}.Release|Any CPU.ActiveCfg = Release|Any CPU
		{700AA272-B840-4E3A-A618-1A0DE0AA4680}.Release|Any CPU.Build.0 = Release|Any CPU
		{700AA272-B840-4E3A-A618-1A0DE0AA4680}.Release|Any CPU.Deploy.0 = Release|Any CPU
	EndGlobalSection
	GlobalSection(SolutionProperties) = preSolution
		HideSolutionNode = FALSE
	EndGlobalSection
	GlobalSection(ExtensibilityGlobals) = postSolution
		SolutionGuid = {AE745762-973F-4433-B1F2-56975169539E}
	EndGlobalSection
EndGlobal
