
Microsoft Visual Studio Solution File, Format Version 12.00
# Visual Studio Version 16
VisualStudioVersion = 16.0.31515.178
MinimumVisualStudioVersion = 10.0.40219.1
Project("{FAE04EC0-301F-11D3-BF4B-00C04F79EFBC}") = "XamarinTraining", "XamarinTraining\XamarinTraining.csproj", "{D9ABB51E-46A4-4720-83AA-2DCD077CDD5E}"
EndProject
Global
	GlobalSection(SolutionConfigurationPlatforms) = preSolution
		Debug|Any CPU = Debug|Any CPU
		Release|Any CPU = Release|Any CPU
	EndGlobalSection
	GlobalSection(ProjectConfigurationPlatforms) = postSolution
		{D9ABB51E-46A4-4720-83AA-2DCD077CDD5E}.Debug|Any CPU.ActiveCfg = Debug|Any CPU
		{D9ABB51E-46A4-4720-83AA-2DCD077CDD5E}.Debug|Any CPU.Build.0 = Debug|Any CPU
		{D9ABB51E-46A4-4720-83AA-2DCD077CDD5E}.Debug|Any CPU.Deploy.0 = Debug|Any CPU
		{D9ABB51E-46A4-4720-83AA-2DCD077CDD5E}.Release|Any CPU.ActiveCfg = Release|Any CPU
		{D9ABB51E-46A4-4720-83AA-2DCD077CDD5E}.Release|Any CPU.Build.0 = Release|Any CPU
		{D9ABB51E-46A4-4720-83AA-2DCD077CDD5E}.Release|Any CPU.Deploy.0 = Release|Any CPU
	EndGlobalSection
	GlobalSection(SolutionProperties) = preSolution
		HideSolutionNode = FALSE
	EndGlobalSection
	GlobalSection(ExtensibilityGlobals) = postSolution
		SolutionGuid = {894B2A50-16E1-42FD-81DF-64820609ED89}
	EndGlobalSection
EndGlobal
