
Microsoft Visual Studio Solution File, Format Version 12.00
# Visual Studio Version 16
VisualStudioVersion = 16.0.31424.327
MinimumVisualStudioVersion = 10.0.40219.1
Project("{FAE04EC0-301F-11D3-BF4B-00C04F79EFBC}") = "ConsoleTrainingPT2", "ConsoleTrainingPT2\ConsoleTrainingPT2.csproj", "{A9DA9B58-A201-4D29-8E43-01949FFAE65A}"
EndProject
Global
	GlobalSection(SolutionConfigurationPlatforms) = preSolution
		Debug|Any CPU = Debug|Any CPU
		Release|Any CPU = Release|Any CPU
	EndGlobalSection
	GlobalSection(ProjectConfigurationPlatforms) = postSolution
		{A9DA9B58-A201-4D29-8E43-01949FFAE65A}.Debug|Any CPU.ActiveCfg = Debug|Any CPU
		{A9DA9B58-A201-4D29-8E43-01949FFAE65A}.Debug|Any CPU.Build.0 = Debug|Any CPU
		{A9DA9B58-A201-4D29-8E43-01949FFAE65A}.Release|Any CPU.ActiveCfg = Release|Any CPU
		{A9DA9B58-A201-4D29-8E43-01949FFAE65A}.Release|Any CPU.Build.0 = Release|Any CPU
	EndGlobalSection
	GlobalSection(SolutionProperties) = preSolution
		HideSolutionNode = FALSE
	EndGlobalSection
	GlobalSection(ExtensibilityGlobals) = postSolution
		SolutionGuid = {47B1FC8C-175E-494D-82C2-D7E943E64B74}
	EndGlobalSection
EndGlobal
