
Microsoft Visual Studio Solution File, Format Version 12.00
# Visual Studio Version 16
VisualStudioVersion = 16.0.31424.327
MinimumVisualStudioVersion = 10.0.40219.1
Project("{FAE04EC0-301F-11D3-BF4B-00C04F79EFBC}") = "ConsoleTraianing", "ConsoleTraianing\ConsoleTraianing.csproj", "{ED097A21-3C1F-4B99-BB7C-73ED20915A9D}"
EndProject
Global
	GlobalSection(SolutionConfigurationPlatforms) = preSolution
		Debug|Any CPU = Debug|Any CPU
		Release|Any CPU = Release|Any CPU
	EndGlobalSection
	GlobalSection(ProjectConfigurationPlatforms) = postSolution
		{ED097A21-3C1F-4B99-BB7C-73ED20915A9D}.Debug|Any CPU.ActiveCfg = Debug|Any CPU
		{ED097A21-3C1F-4B99-BB7C-73ED20915A9D}.Debug|Any CPU.Build.0 = Debug|Any CPU
		{ED097A21-3C1F-4B99-BB7C-73ED20915A9D}.Release|Any CPU.ActiveCfg = Release|Any CPU
		{ED097A21-3C1F-4B99-BB7C-73ED20915A9D}.Release|Any CPU.Build.0 = Release|Any CPU
	EndGlobalSection
	GlobalSection(SolutionProperties) = preSolution
		HideSolutionNode = FALSE
	EndGlobalSection
	GlobalSection(ExtensibilityGlobals) = postSolution
		SolutionGuid = {580F6353-DD50-4B1F-A255-37A5A05E735D}
	EndGlobalSection
EndGlobal
