
Microsoft Visual Studio Solution File, Format Version 12.00
# Visual Studio Version 16
VisualStudioVersion = 16.0.31424.327
MinimumVisualStudioVersion = 10.0.40219.1
Project("{FAE04EC0-301F-11D3-BF4B-00C04F79EFBC}") = "DataBindingStudy", "DataBindingStudy\DataBindingStudy.csproj", "{C9DF79CD-B2D6-43E1-84B1-343A5AD35744}"
EndProject
Global
	GlobalSection(SolutionConfigurationPlatforms) = preSolution
		Debug|Any CPU = Debug|Any CPU
		Release|Any CPU = Release|Any CPU
	EndGlobalSection
	GlobalSection(ProjectConfigurationPlatforms) = postSolution
		{C9DF79CD-B2D6-43E1-84B1-343A5AD35744}.Debug|Any CPU.ActiveCfg = Debug|Any CPU
		{C9DF79CD-B2D6-43E1-84B1-343A5AD35744}.Debug|Any CPU.Build.0 = Debug|Any CPU
		{C9DF79CD-B2D6-43E1-84B1-343A5AD35744}.Release|Any CPU.ActiveCfg = Release|Any CPU
		{C9DF79CD-B2D6-43E1-84B1-343A5AD35744}.Release|Any CPU.Build.0 = Release|Any CPU
	EndGlobalSection
	GlobalSection(SolutionProperties) = preSolution
		HideSolutionNode = FALSE
	EndGlobalSection
	GlobalSection(ExtensibilityGlobals) = postSolution
		SolutionGuid = {E1645D0B-813F-49E1-8078-D58E8801298F}
	EndGlobalSection
EndGlobal
